
Microsoft Visual Studio Solution File, Format Version 12.00
# Visual Studio Version 17
VisualStudioVersion = 17.0.32014.148
MinimumVisualStudioVersion = 10.0.40219.1
Project("{FAE04EC0-301F-11D3-BF4B-00C04F79EFBC}") = "ITAcadem.CSCourse.Lab1.ex1", "ITAcadem.CSCourse.Lab1.ex1.csproj", "{EA3F026E-59DB-4C95-AEFA-3D07C15E34AB}"
EndProject
Global
	GlobalSection(SolutionConfigurationPlatforms) = preSolution
		Debug|Any CPU = Debug|Any CPU
		Release|Any CPU = Release|Any CPU
	EndGlobalSection
	GlobalSection(ProjectConfigurationPlatforms) = postSolution
		{EA3F026E-59DB-4C95-AEFA-3D07C15E34AB}.Debug|Any CPU.ActiveCfg = Debug|Any CPU
		{EA3F026E-59DB-4C95-AEFA-3D07C15E34AB}.Debug|Any CPU.Build.0 = Debug|Any CPU
		{EA3F026E-59DB-4C95-AEFA-3D07C15E34AB}.Release|Any CPU.ActiveCfg = Release|Any CPU
		{EA3F026E-59DB-4C95-AEFA-3D07C15E34AB}.Release|Any CPU.Build.0 = Release|Any CPU
	EndGlobalSection
	GlobalSection(SolutionProperties) = preSolution
		HideSolutionNode = FALSE
	EndGlobalSection
	GlobalSection(ExtensibilityGlobals) = postSolution
		SolutionGuid = {73D119C1-D6E1-4F8A-8D9A-E362DC6B7BEC}
	EndGlobalSection
EndGlobal
